
Microsoft Visual Studio Solution File, Format Version 12.00
# Visual Studio Version 17
VisualStudioVersion = 17.8.34511.84
MinimumVisualStudioVersion = 10.0.40219.1
Project("{F184B08F-C81C-45F6-A57F-5ABD9991F28F}") = "aggieorder", "aggieorder.vbproj", "{6D1E1BD9-B93F-4BB0-95D4-47260E17A3C5}"
EndProject
Global
	GlobalSection(SolutionConfigurationPlatforms) = preSolution
		Debug|Any CPU = Debug|Any CPU
		Release|Any CPU = Release|Any CPU
	EndGlobalSection
	GlobalSection(ProjectConfigurationPlatforms) = postSolution
		{6D1E1BD9-B93F-4BB0-95D4-47260E17A3C5}.Debug|Any CPU.ActiveCfg = Debug|Any CPU
		{6D1E1BD9-B93F-4BB0-95D4-47260E17A3C5}.Debug|Any CPU.Build.0 = Debug|Any CPU
		{6D1E1BD9-B93F-4BB0-95D4-47260E17A3C5}.Release|Any CPU.ActiveCfg = Release|Any CPU
		{6D1E1BD9-B93F-4BB0-95D4-47260E17A3C5}.Release|Any CPU.Build.0 = Release|Any CPU
	EndGlobalSection
	GlobalSection(SolutionProperties) = preSolution
		HideSolutionNode = FALSE
	EndGlobalSection
	GlobalSection(ExtensibilityGlobals) = postSolution
		SolutionGuid = {47025F67-3ABB-4B1A-8AD0-4EEC8EC1705F}
	EndGlobalSection
EndGlobal
